
Microsoft Visual Studio Solution File, Format Version 12.00
# Visual Studio Version 17
VisualStudioVersion = 17.6.33801.468
MinimumVisualStudioVersion = 10.0.40219.1
Project("{FAE04EC0-301F-11D3-BF4B-00C04F79EFBC}") = "Survey", "Survey\Survey.csproj", "{58D80A4F-F32E-4796-AB92-1BFA82CF812A}"
EndProject
Global
	GlobalSection(SolutionConfigurationPlatforms) = preSolution
		Debug|Any CPU = Debug|Any CPU
		Release|Any CPU = Release|Any CPU
	EndGlobalSection
	GlobalSection(ProjectConfigurationPlatforms) = postSolution
		{58D80A4F-F32E-4796-AB92-1BFA82CF812A}.Debug|Any CPU.ActiveCfg = Debug|Any CPU
		{58D80A4F-F32E-4796-AB92-1BFA82CF812A}.Debug|Any CPU.Build.0 = Debug|Any CPU
		{58D80A4F-F32E-4796-AB92-1BFA82CF812A}.Release|Any CPU.ActiveCfg = Release|Any CPU
		{58D80A4F-F32E-4796-AB92-1BFA82CF812A}.Release|Any CPU.Build.0 = Release|Any CPU
	EndGlobalSection
	GlobalSection(SolutionProperties) = preSolution
		HideSolutionNode = FALSE
	EndGlobalSection
	GlobalSection(ExtensibilityGlobals) = postSolution
		SolutionGuid = {9E29D9E1-C9AA-4B69-A4B2-D0E8EC6DD1C0}
	EndGlobalSection
EndGlobal
